// !$*UTF8*$!
{
	archiveVersion = 1;
	classes = {
	};
	objectVersion = 55;
	objects = {

/* Begin PBXBuildFile section */
		40120AB4270E10AA00539BA2 /* Roboto-Black.ttf in Resources */ = {isa = PBXBuildFile; fileRef = 40120AB3270E10AA00539BA2 /* Roboto-Black.ttf */; };
		40120AB6270E10B600539BA2 /* Roboto-Regular.ttf in Resources */ = {isa = PBXBuildFile; fileRef = 40120AB5270E10B600539BA2 /* Roboto-Regular.ttf */; };
		40120AB8270E10BD00539BA2 /* Roboto-Bold.ttf in Resources */ = {isa = PBXBuildFile; fileRef = 40120AB7270E10BD00539BA2 /* Roboto-Bold.ttf */; };
		40120ABA270E10C600539BA2 /* Roboto-Medium.ttf in Resources */ = {isa = PBXBuildFile; fileRef = 40120AB9270E10C600539BA2 /* Roboto-Medium.ttf */; };
		40120ABD270E124800539BA2 /* Opacity.swift in Sources */ = {isa = PBXBuildFile; fileRef = 40120ABC270E124800539BA2 /* Opacity.swift */; };
		4028320F270DE044003F9AF8 /* ExtensionUIDevice.swift in Sources */ = {isa = PBXBuildFile; fileRef = 4028320E270DE044003F9AF8 /* ExtensionUIDevice.swift */; };
		40283212270DE4F4003F9AF8 /* ShowImageView.swift in Sources */ = {isa = PBXBuildFile; fileRef = 40283211270DE4F4003F9AF8 /* ShowImageView.swift */; };
		40283213270DEDE9003F9AF8 /* Cocktail.json in Resources */ = {isa = PBXBuildFile; fileRef = 406CFCB6270C44F900D1BD07 /* Cocktail.json */; };
		40283215270DEE02003F9AF8 /* APIServiceTests.swift in Sources */ = {isa = PBXBuildFile; fileRef = 40283214270DEE02003F9AF8 /* APIServiceTests.swift */; };
		4028321A270DF053003F9AF8 /* Empty.json in Resources */ = {isa = PBXBuildFile; fileRef = 40283219270DF053003F9AF8 /* Empty.json */; };
		4028321B270DF09C003F9AF8 /* Empty.json in Resources */ = {isa = PBXBuildFile; fileRef = 40283219270DF053003F9AF8 /* Empty.json */; };
		4028321D270DF10E003F9AF8 /* CoreDataHelperTests.swift in Sources */ = {isa = PBXBuildFile; fileRef = 4028321C270DF10E003F9AF8 /* CoreDataHelperTests.swift */; };
		4028321F270DF139003F9AF8 /* CoreDataStackTest.swift in Sources */ = {isa = PBXBuildFile; fileRef = 4028321E270DF139003F9AF8 /* CoreDataStackTest.swift */; };
		40283222270DFECD003F9AF8 /* FavoritesViewModel.swift in Sources */ = {isa = PBXBuildFile; fileRef = 40283221270DFECD003F9AF8 /* FavoritesViewModel.swift */; };
		40283224270E0473003F9AF8 /* Font.swift in Sources */ = {isa = PBXBuildFile; fileRef = 40283223270E0473003F9AF8 /* Font.swift */; };
		40283226270E050D003F9AF8 /* Corner.swift in Sources */ = {isa = PBXBuildFile; fileRef = 40283225270E050D003F9AF8 /* Corner.swift */; };
		403EAFB5270F555B00D697F0 /* Animations.swift in Sources */ = {isa = PBXBuildFile; fileRef = 403EAFB4270F555B00D697F0 /* Animations.swift */; };
		403EAFB7270F561F00D697F0 /* Transitions.swift in Sources */ = {isa = PBXBuildFile; fileRef = 403EAFB6270F561F00D697F0 /* Transitions.swift */; };
		404C17EF270EEEFD0077DB5A /* ActivityViewController.swift in Sources */ = {isa = PBXBuildFile; fileRef = 404C17EE270EEEFD0077DB5A /* ActivityViewController.swift */; };
		406CFC87270C43A700D1BD07 /* Spotr_After_WorkApp.swift in Sources */ = {isa = PBXBuildFile; fileRef = 406CFC86270C43A700D1BD07 /* Spotr_After_WorkApp.swift */; };
		406CFC89270C43A700D1BD07 /* ContentView.swift in Sources */ = {isa = PBXBuildFile; fileRef = 406CFC88270C43A700D1BD07 /* ContentView.swift */; };
		406CFC8B270C43A800D1BD07 /* Assets.xcassets in Resources */ = {isa = PBXBuildFile; fileRef = 406CFC8A270C43A800D1BD07 /* Assets.xcassets */; };
		406CFC8E270C43A800D1BD07 /* Preview Assets.xcassets in Resources */ = {isa = PBXBuildFile; fileRef = 406CFC8D270C43A800D1BD07 /* Preview Assets.xcassets */; };
		406CFCB5270C440400D1BD07 /* CocktailsJSON.swift in Sources */ = {isa = PBXBuildFile; fileRef = 406CFCB4270C440400D1BD07 /* CocktailsJSON.swift */; };
		406CFCB8270C454F00D1BD07 /* Icon.swift in Sources */ = {isa = PBXBuildFile; fileRef = 406CFCB7270C454F00D1BD07 /* Icon.swift */; };
		406CFCBA270C4A2900D1BD07 /* APIService.swift in Sources */ = {isa = PBXBuildFile; fileRef = 406CFCB9270C4A2900D1BD07 /* APIService.swift */; };
		406CFCBB270C4D6C00D1BD07 /* Cocktail.json in Resources */ = {isa = PBXBuildFile; fileRef = 406CFCB6270C44F900D1BD07 /* Cocktail.json */; };
		406CFCBD270C502700D1BD07 /* Colors.swift in Sources */ = {isa = PBXBuildFile; fileRef = 406CFCBC270C502700D1BD07 /* Colors.swift */; };
		406CFCC0270C531600D1BD07 /* ListPickerView.swift in Sources */ = {isa = PBXBuildFile; fileRef = 406CFCBF270C531600D1BD07 /* ListPickerView.swift */; };
		406CFCC2270C54CD00D1BD07 /* RoundedButton.swift in Sources */ = {isa = PBXBuildFile; fileRef = 406CFCC1270C54CD00D1BD07 /* RoundedButton.swift */; };
		406CFCC4270C603700D1BD07 /* TagText.swift in Sources */ = {isa = PBXBuildFile; fileRef = 406CFCC3270C603700D1BD07 /* TagText.swift */; };
		40AABB82270DA5B60090469D /* DetailCocktailView.swift in Sources */ = {isa = PBXBuildFile; fileRef = 40AABB81270DA5B60090469D /* DetailCocktailView.swift */; };
		40AABB84270DB89F0090469D /* DetailText.swift in Sources */ = {isa = PBXBuildFile; fileRef = 40AABB83270DB89F0090469D /* DetailText.swift */; };
		40B1032D270C958A00A95D50 /* CocktailCell.swift in Sources */ = {isa = PBXBuildFile; fileRef = 40B1032C270C958A00A95D50 /* CocktailCell.swift */; };
		40B1032F270C963E00A95D50 /* Cocktail.swift in Sources */ = {isa = PBXBuildFile; fileRef = 40B1032E270C963E00A95D50 /* Cocktail.swift */; };
		40B10333270C99CA00A95D50 /* CellImage.swift in Sources */ = {isa = PBXBuildFile; fileRef = 40B10332270C99CA00A95D50 /* CellImage.swift */; };
		40B10335270C9CD500A95D50 /* CellText.swift in Sources */ = {isa = PBXBuildFile; fileRef = 40B10334270C9CD500A95D50 /* CellText.swift */; };
		40B10338270CBC4E00A95D50 /* CocktailsViewModel.swift in Sources */ = {isa = PBXBuildFile; fileRef = 40B10337270CBC4E00A95D50 /* CocktailsViewModel.swift */; };
		40B1033A270CBF9E00A95D50 /* CocktailsList.swift in Sources */ = {isa = PBXBuildFile; fileRef = 40B10339270CBF9E00A95D50 /* CocktailsList.swift */; };
		40B10377270CD57500A95D50 /* Persistence.swift in Sources */ = {isa = PBXBuildFile; fileRef = 40B10376270CD57500A95D50 /* Persistence.swift */; };
		40B10379270CD65D00A95D50 /* CoreDataHelper.swift in Sources */ = {isa = PBXBuildFile; fileRef = 40B10378270CD65D00A95D50 /* CoreDataHelper.swift */; };
		40B1037C270CD6B800A95D50 /* Cocktails.xcdatamodeld in Sources */ = {isa = PBXBuildFile; fileRef = 40B1037A270CD6B800A95D50 /* Cocktails.xcdatamodeld */; };
		40B1037E270CD73100A95D50 /* FavoriteCocktail.swift in Sources */ = {isa = PBXBuildFile; fileRef = 40B1037D270CD73100A95D50 /* FavoriteCocktail.swift */; };
/* End PBXBuildFile section */

/* Begin PBXContainerItemProxy section */
		406CFC94270C43A900D1BD07 /* PBXContainerItemProxy */ = {
			isa = PBXContainerItemProxy;
			containerPortal = 406CFC7B270C43A700D1BD07 /* Project object */;
			proxyType = 1;
			remoteGlobalIDString = 406CFC82270C43A700D1BD07;
			remoteInfo = "Spotr After-Work";
		};
/* End PBXContainerItemProxy section */

/* Begin PBXFileReference section */
		40120AB3270E10AA00539BA2 /* Roboto-Black.ttf */ = {isa = PBXFileReference; lastKnownFileType = file; path = "Roboto-Black.ttf"; sourceTree = "<group>"; };
		40120AB5270E10B600539BA2 /* Roboto-Regular.ttf */ = {isa = PBXFileReference; lastKnownFileType = file; path = "Roboto-Regular.ttf"; sourceTree = "<group>"; };
		40120AB7270E10BD00539BA2 /* Roboto-Bold.ttf */ = {isa = PBXFileReference; lastKnownFileType = file; path = "Roboto-Bold.ttf"; sourceTree = "<group>"; };
		40120AB9270E10C600539BA2 /* Roboto-Medium.ttf */ = {isa = PBXFileReference; lastKnownFileType = file; path = "Roboto-Medium.ttf"; sourceTree = "<group>"; };
		40120ABB270E10F300539BA2 /* Spotr-After-Work-Info.plist */ = {isa = PBXFileReference; lastKnownFileType = text.plist.xml; name = "Spotr-After-Work-Info.plist"; path = "Spotr After-Work/Supporting Files/Spotr-After-Work-Info.plist"; sourceTree = SOURCE_ROOT; };
		40120ABC270E124800539BA2 /* Opacity.swift */ = {isa = PBXFileReference; lastKnownFileType = sourcecode.swift; path = Opacity.swift; sourceTree = "<group>"; };
		4028320E270DE044003F9AF8 /* ExtensionUIDevice.swift */ = {isa = PBXFileReference; lastKnownFileType = sourcecode.swift; path = ExtensionUIDevice.swift; sourceTree = "<group>"; };
		40283211270DE4F4003F9AF8 /* ShowImageView.swift */ = {isa = PBXFileReference; lastKnownFileType = sourcecode.swift; path = ShowImageView.swift; sourceTree = "<group>"; };
		40283214270DEE02003F9AF8 /* APIServiceTests.swift */ = {isa = PBXFileReference; lastKnownFileType = sourcecode.swift; path = APIServiceTests.swift; sourceTree = "<group>"; };
		40283219270DF053003F9AF8 /* Empty.json */ = {isa = PBXFileReference; lastKnownFileType = text.json; path = Empty.json; sourceTree = "<group>"; };
		4028321C270DF10E003F9AF8 /* CoreDataHelperTests.swift */ = {isa = PBXFileReference; lastKnownFileType = sourcecode.swift; path = CoreDataHelperTests.swift; sourceTree = "<group>"; };
		4028321E270DF139003F9AF8 /* CoreDataStackTest.swift */ = {isa = PBXFileReference; lastKnownFileType = sourcecode.swift; path = CoreDataStackTest.swift; sourceTree = "<group>"; };
		40283221270DFECD003F9AF8 /* FavoritesViewModel.swift */ = {isa = PBXFileReference; lastKnownFileType = sourcecode.swift; path = FavoritesViewModel.swift; sourceTree = "<group>"; };
		40283223270E0473003F9AF8 /* Font.swift */ = {isa = PBXFileReference; lastKnownFileType = sourcecode.swift; path = Font.swift; sourceTree = "<group>"; };
		40283225270E050D003F9AF8 /* Corner.swift */ = {isa = PBXFileReference; lastKnownFileType = sourcecode.swift; path = Corner.swift; sourceTree = "<group>"; };
		403EAFB4270F555B00D697F0 /* Animations.swift */ = {isa = PBXFileReference; lastKnownFileType = sourcecode.swift; path = Animations.swift; sourceTree = "<group>"; };
		403EAFB6270F561F00D697F0 /* Transitions.swift */ = {isa = PBXFileReference; lastKnownFileType = sourcecode.swift; path = Transitions.swift; sourceTree = "<group>"; };
		404C17EE270EEEFD0077DB5A /* ActivityViewController.swift */ = {isa = PBXFileReference; lastKnownFileType = sourcecode.swift; path = ActivityViewController.swift; sourceTree = "<group>"; };
		406CFC83270C43A700D1BD07 /* Spotr After-Work.app */ = {isa = PBXFileReference; explicitFileType = wrapper.application; includeInIndex = 0; path = "Spotr After-Work.app"; sourceTree = BUILT_PRODUCTS_DIR; };
		406CFC86270C43A700D1BD07 /* Spotr_After_WorkApp.swift */ = {isa = PBXFileReference; lastKnownFileType = sourcecode.swift; path = Spotr_After_WorkApp.swift; sourceTree = "<group>"; };
		406CFC88270C43A700D1BD07 /* ContentView.swift */ = {isa = PBXFileReference; lastKnownFileType = sourcecode.swift; path = ContentView.swift; sourceTree = "<group>"; };
		406CFC8A270C43A800D1BD07 /* Assets.xcassets */ = {isa = PBXFileReference; lastKnownFileType = folder.assetcatalog; path = Assets.xcassets; sourceTree = "<group>"; };
		406CFC8D270C43A800D1BD07 /* Preview Assets.xcassets */ = {isa = PBXFileReference; lastKnownFileType = folder.assetcatalog; path = "Preview Assets.xcassets"; sourceTree = "<group>"; };
		406CFC93270C43A900D1BD07 /* Spotr After-WorkTests.xctest */ = {isa = PBXFileReference; explicitFileType = wrapper.cfbundle; includeInIndex = 0; path = "Spotr After-WorkTests.xctest"; sourceTree = BUILT_PRODUCTS_DIR; };
		406CFCB4270C440400D1BD07 /* CocktailsJSON.swift */ = {isa = PBXFileReference; lastKnownFileType = sourcecode.swift; path = CocktailsJSON.swift; sourceTree = "<group>"; };
		406CFCB6270C44F900D1BD07 /* Cocktail.json */ = {isa = PBXFileReference; lastKnownFileType = text.json; path = Cocktail.json; sourceTree = "<group>"; };
		406CFCB7270C454F00D1BD07 /* Icon.swift */ = {isa = PBXFileReference; lastKnownFileType = sourcecode.swift; path = Icon.swift; sourceTree = "<group>"; };
		406CFCB9270C4A2900D1BD07 /* APIService.swift */ = {isa = PBXFileReference; lastKnownFileType = sourcecode.swift; path = APIService.swift; sourceTree = "<group>"; };
		406CFCBC270C502700D1BD07 /* Colors.swift */ = {isa = PBXFileReference; lastKnownFileType = sourcecode.swift; path = Colors.swift; sourceTree = "<group>"; };
		406CFCBF270C531600D1BD07 /* ListPickerView.swift */ = {isa = PBXFileReference; lastKnownFileType = sourcecode.swift; path = ListPickerView.swift; sourceTree = "<group>"; };
		406CFCC1270C54CD00D1BD07 /* RoundedButton.swift */ = {isa = PBXFileReference; lastKnownFileType = sourcecode.swift; path = RoundedButton.swift; sourceTree = "<group>"; };
		406CFCC3270C603700D1BD07 /* TagText.swift */ = {isa = PBXFileReference; lastKnownFileType = sourcecode.swift; path = TagText.swift; sourceTree = "<group>"; };
		40AABB81270DA5B60090469D /* DetailCocktailView.swift */ = {isa = PBXFileReference; lastKnownFileType = sourcecode.swift; path = DetailCocktailView.swift; sourceTree = "<group>"; };
		40AABB83270DB89F0090469D /* DetailText.swift */ = {isa = PBXFileReference; lastKnownFileType = sourcecode.swift; path = DetailText.swift; sourceTree = "<group>"; };
		40B1032C270C958A00A95D50 /* CocktailCell.swift */ = {isa = PBXFileReference; lastKnownFileType = sourcecode.swift; path = CocktailCell.swift; sourceTree = "<group>"; };
		40B1032E270C963E00A95D50 /* Cocktail.swift */ = {isa = PBXFileReference; lastKnownFileType = sourcecode.swift; path = Cocktail.swift; sourceTree = "<group>"; };
		40B10332270C99CA00A95D50 /* CellImage.swift */ = {isa = PBXFileReference; lastKnownFileType = sourcecode.swift; path = CellImage.swift; sourceTree = "<group>"; };
		40B10334270C9CD500A95D50 /* CellText.swift */ = {isa = PBXFileReference; lastKnownFileType = sourcecode.swift; path = CellText.swift; sourceTree = "<group>"; };
		40B10337270CBC4E00A95D50 /* CocktailsViewModel.swift */ = {isa = PBXFileReference; lastKnownFileType = sourcecode.swift; path = CocktailsViewModel.swift; sourceTree = "<group>"; };
		40B10339270CBF9E00A95D50 /* CocktailsList.swift */ = {isa = PBXFileReference; lastKnownFileType = sourcecode.swift; path = CocktailsList.swift; sourceTree = "<group>"; };
		40B10376270CD57500A95D50 /* Persistence.swift */ = {isa = PBXFileReference; lastKnownFileType = sourcecode.swift; path = Persistence.swift; sourceTree = "<group>"; };
		40B10378270CD65D00A95D50 /* CoreDataHelper.swift */ = {isa = PBXFileReference; lastKnownFileType = sourcecode.swift; path = CoreDataHelper.swift; sourceTree = "<group>"; };
		40B1037B270CD6B800A95D50 /* Cocktails.xcdatamodel */ = {isa = PBXFileReference; lastKnownFileType = wrapper.xcdatamodel; path = Cocktails.xcdatamodel; sourceTree = "<group>"; };
		40B1037D270CD73100A95D50 /* FavoriteCocktail.swift */ = {isa = PBXFileReference; lastKnownFileType = sourcecode.swift; path = FavoriteCocktail.swift; sourceTree = "<group>"; };
/* End PBXFileReference section */

/* Begin PBXFrameworksBuildPhase section */
		406CFC80270C43A700D1BD07 /* Frameworks */ = {
			isa = PBXFrameworksBuildPhase;
			buildActionMask = 2147483647;
			files = (
			);
			runOnlyForDeploymentPostprocessing = 0;
		};
		406CFC90270C43A900D1BD07 /* Frameworks */ = {
			isa = PBXFrameworksBuildPhase;
			buildActionMask = 2147483647;
			files = (
			);
			runOnlyForDeploymentPostprocessing = 0;
		};
/* End PBXFrameworksBuildPhase section */

/* Begin PBXGroup section */
		40120AAE270E0B4000539BA2 /* Ressources */ = {
			isa = PBXGroup;
			children = (
				40120AB1270E0B8000539BA2 /* CoreData */,
				40120AB0270E0B7A00539BA2 /* API */,
			);
			path = Ressources;
			sourceTree = "<group>";
		};
		40120AAF270E0B5100539BA2 /* Utils */ = {
			isa = PBXGroup;
			children = (
				40283223270E0473003F9AF8 /* Font.swift */,
				406CFCB7270C454F00D1BD07 /* Icon.swift */,
				406CFCBC270C502700D1BD07 /* Colors.swift */,
				40283225270E050D003F9AF8 /* Corner.swift */,
				40120ABC270E124800539BA2 /* Opacity.swift */,
				403EAFB4270F555B00D697F0 /* Animations.swift */,
				403EAFB6270F561F00D697F0 /* Transitions.swift */,
				4028320E270DE044003F9AF8 /* ExtensionUIDevice.swift */,
			);
			path = Utils;
			sourceTree = "<group>";
		};
		40120AB0270E0B7A00539BA2 /* API */ = {
			isa = PBXGroup;
			children = (
				406CFCB6270C44F900D1BD07 /* Cocktail.json */,
				406CFCB4270C440400D1BD07 /* CocktailsJSON.swift */,
				406CFCB9270C4A2900D1BD07 /* APIService.swift */,
			);
			path = API;
			sourceTree = "<group>";
		};
		40120AB1270E0B8000539BA2 /* CoreData */ = {
			isa = PBXGroup;
			children = (
				40B1037A270CD6B800A95D50 /* Cocktails.xcdatamodeld */,
				40B1037D270CD73100A95D50 /* FavoriteCocktail.swift */,
				40B10378270CD65D00A95D50 /* CoreDataHelper.swift */,
				40B10376270CD57500A95D50 /* Persistence.swift */,
			);
			path = CoreData;
			sourceTree = "<group>";
		};
		40120AB2270E109D00539BA2 /* Fonts */ = {
			isa = PBXGroup;
			children = (
				40120AB3270E10AA00539BA2 /* Roboto-Black.ttf */,
				40120AB5270E10B600539BA2 /* Roboto-Regular.ttf */,
				40120AB7270E10BD00539BA2 /* Roboto-Bold.ttf */,
				40120AB9270E10C600539BA2 /* Roboto-Medium.ttf */,
			);
			path = Fonts;
			sourceTree = "<group>";
		};
		40283218270DF02C003F9AF8 /* Utils */ = {
			isa = PBXGroup;
			children = (
				40283219270DF053003F9AF8 /* Empty.json */,
				4028321E270DF139003F9AF8 /* CoreDataStackTest.swift */,
			);
			path = Utils;
			sourceTree = "<group>";
		};
		40283227270E08CB003F9AF8 /* DetailCocktailView */ = {
			isa = PBXGroup;
			children = (
				40AABB81270DA5B60090469D /* DetailCocktailView.swift */,
				40283211270DE4F4003F9AF8 /* ShowImageView.swift */,
				404C17EE270EEEFD0077DB5A /* ActivityViewController.swift */,
			);
			path = DetailCocktailView;
			sourceTree = "<group>";
		};
		405B9412270E0AB500C17596 /* ListView */ = {
			isa = PBXGroup;
			children = (
				406CFC88270C43A700D1BD07 /* ContentView.swift */,
				40B10339270CBF9E00A95D50 /* CocktailsList.swift */,
				40B1032C270C958A00A95D50 /* CocktailCell.swift */,
			);
			path = ListView;
			sourceTree = "<group>";
		};
		406CFC7A270C43A700D1BD07 = {
			isa = PBXGroup;
			children = (
				406CFC85270C43A700D1BD07 /* Spotr After-Work */,
				406CFC96270C43A900D1BD07 /* Spotr After-WorkTests */,
				406CFC84270C43A700D1BD07 /* Products */,
			);
			sourceTree = "<group>";
		};
		406CFC84270C43A700D1BD07 /* Products */ = {
			isa = PBXGroup;
			children = (
				406CFC83270C43A700D1BD07 /* Spotr After-Work.app */,
				406CFC93270C43A900D1BD07 /* Spotr After-WorkTests.xctest */,
			);
			name = Products;
			sourceTree = "<group>";
		};
		406CFC85270C43A700D1BD07 /* Spotr After-Work */ = {
			isa = PBXGroup;
			children = (
				406CFCB0270C43C300D1BD07 /* Supporting Files */,
				40120AAE270E0B4000539BA2 /* Ressources */,
				406CFCB3270C43DB00D1BD07 /* Model */,
				406CFCB2270C43D500D1BD07 /* ViewModel */,
				406CFCB1270C43CC00D1BD07 /* View */,
				406CFC8C270C43A800D1BD07 /* Preview Content */,
			);
			path = "Spotr After-Work";
			sourceTree = "<group>";
		};
		406CFC8C270C43A800D1BD07 /* Preview Content */ = {
			isa = PBXGroup;
			children = (
				406CFC8D270C43A800D1BD07 /* Preview Assets.xcassets */,
			);
			path = "Preview Content";
			sourceTree = "<group>";
		};
		406CFC96270C43A900D1BD07 /* Spotr After-WorkTests */ = {
			isa = PBXGroup;
			children = (
				40283218270DF02C003F9AF8 /* Utils */,
				40283214270DEE02003F9AF8 /* APIServiceTests.swift */,
				4028321C270DF10E003F9AF8 /* CoreDataHelperTests.swift */,
			);
			path = "Spotr After-WorkTests";
			sourceTree = "<group>";
		};
		406CFCB0270C43C300D1BD07 /* Supporting Files */ = {
			isa = PBXGroup;
			children = (
				40120AB2270E109D00539BA2 /* Fonts */,
				406CFC86270C43A700D1BD07 /* Spotr_After_WorkApp.swift */,
				406CFC8A270C43A800D1BD07 /* Assets.xcassets */,
				40120ABB270E10F300539BA2 /* Spotr-After-Work-Info.plist */,
			);
			path = "Supporting Files";
			sourceTree = "<group>";
		};
		406CFCB1270C43CC00D1BD07 /* View */ = {
			isa = PBXGroup;
			children = (
				40120AAF270E0B5100539BA2 /* Utils */,
				405B9412270E0AB500C17596 /* ListView */,
				40283227270E08CB003F9AF8 /* DetailCocktailView */,
				406CFCBE270C526E00D1BD07 /* CustomViews */,
			);
			path = View;
			sourceTree = "<group>";
		};
		406CFCB2270C43D500D1BD07 /* ViewModel */ = {
			isa = PBXGroup;
			children = (
				40B10337270CBC4E00A95D50 /* CocktailsViewModel.swift */,
				40283221270DFECD003F9AF8 /* FavoritesViewModel.swift */,
			);
			path = ViewModel;
			sourceTree = "<group>";
		};
		406CFCB3270C43DB00D1BD07 /* Model */ = {
			isa = PBXGroup;
			children = (
				40B1032E270C963E00A95D50 /* Cocktail.swift */,
			);
			path = Model;
			sourceTree = "<group>";
		};
		406CFCBE270C526E00D1BD07 /* CustomViews */ = {
			isa = PBXGroup;
			children = (
				406CFCBF270C531600D1BD07 /* ListPickerView.swift */,
				406CFCC1270C54CD00D1BD07 /* RoundedButton.swift */,
				40B10332270C99CA00A95D50 /* CellImage.swift */,
				40B10334270C9CD500A95D50 /* CellText.swift */,
				406CFCC3270C603700D1BD07 /* TagText.swift */,
				40AABB83270DB89F0090469D /* DetailText.swift */,
			);
			path = CustomViews;
			sourceTree = "<group>";
		};
/* End PBXGroup section */

/* Begin PBXNativeTarget section */
		406CFC82270C43A700D1BD07 /* Spotr After-Work */ = {
			isa = PBXNativeTarget;
			buildConfigurationList = 406CFCA7270C43A900D1BD07 /* Build configuration list for PBXNativeTarget "Spotr After-Work" */;
			buildPhases = (
				406CFC7F270C43A700D1BD07 /* Sources */,
				406CFC80270C43A700D1BD07 /* Frameworks */,
				406CFC81270C43A700D1BD07 /* Resources */,
			);
			buildRules = (
			);
			dependencies = (
			);
			name = "Spotr After-Work";
			productName = "Spotr After-Work";
			productReference = 406CFC83270C43A700D1BD07 /* Spotr After-Work.app */;
			productType = "com.apple.product-type.application";
		};
		406CFC92270C43A900D1BD07 /* Spotr After-WorkTests */ = {
			isa = PBXNativeTarget;
			buildConfigurationList = 406CFCAA270C43A900D1BD07 /* Build configuration list for PBXNativeTarget "Spotr After-WorkTests" */;
			buildPhases = (
				406CFC8F270C43A900D1BD07 /* Sources */,
				406CFC90270C43A900D1BD07 /* Frameworks */,
				406CFC91270C43A900D1BD07 /* Resources */,
			);
			buildRules = (
			);
			dependencies = (
				406CFC95270C43A900D1BD07 /* PBXTargetDependency */,
			);
			name = "Spotr After-WorkTests";
			productName = "Spotr After-WorkTests";
			productReference = 406CFC93270C43A900D1BD07 /* Spotr After-WorkTests.xctest */;
			productType = "com.apple.product-type.bundle.unit-test";
		};
/* End PBXNativeTarget section */

/* Begin PBXProject section */
		406CFC7B270C43A700D1BD07 /* Project object */ = {
			isa = PBXProject;
			attributes = {
				BuildIndependentTargetsInParallel = 1;
				LastSwiftUpdateCheck = 1300;
				LastUpgradeCheck = 1300;
				TargetAttributes = {
					406CFC82270C43A700D1BD07 = {
						CreatedOnToolsVersion = 13.0;
					};
					406CFC92270C43A900D1BD07 = {
						CreatedOnToolsVersion = 13.0;
						TestTargetID = 406CFC82270C43A700D1BD07;
					};
				};
			};
			buildConfigurationList = 406CFC7E270C43A700D1BD07 /* Build configuration list for PBXProject "Spotr After-Work" */;
			compatibilityVersion = "Xcode 13.0";
			developmentRegion = en;
			hasScannedForEncodings = 0;
			knownRegions = (
				en,
				Base,
			);
			mainGroup = 406CFC7A270C43A700D1BD07;
			productRefGroup = 406CFC84270C43A700D1BD07 /* Products */;
			projectDirPath = "";
			projectRoot = "";
			targets = (
				406CFC82270C43A700D1BD07 /* Spotr After-Work */,
				406CFC92270C43A900D1BD07 /* Spotr After-WorkTests */,
			);
		};
/* End PBXProject section */

/* Begin PBXResourcesBuildPhase section */
		406CFC81270C43A700D1BD07 /* Resources */ = {
			isa = PBXResourcesBuildPhase;
			buildActionMask = 2147483647;
			files = (
				40120ABA270E10C600539BA2 /* Roboto-Medium.ttf in Resources */,
				40120AB8270E10BD00539BA2 /* Roboto-Bold.ttf in Resources */,
				40120AB6270E10B600539BA2 /* Roboto-Regular.ttf in Resources */,
				406CFCBB270C4D6C00D1BD07 /* Cocktail.json in Resources */,
				4028321B270DF09C003F9AF8 /* Empty.json in Resources */,
				40120AB4270E10AA00539BA2 /* Roboto-Black.ttf in Resources */,
				406CFC8E270C43A800D1BD07 /* Preview Assets.xcassets in Resources */,
				406CFC8B270C43A800D1BD07 /* Assets.xcassets in Resources */,
			);
			runOnlyForDeploymentPostprocessing = 0;
		};
		406CFC91270C43A900D1BD07 /* Resources */ = {
			isa = PBXResourcesBuildPhase;
			buildActionMask = 2147483647;
			files = (
				40283213270DEDE9003F9AF8 /* Cocktail.json in Resources */,
				4028321A270DF053003F9AF8 /* Empty.json in Resources */,
			);
			runOnlyForDeploymentPostprocessing = 0;
		};
/* End PBXResourcesBuildPhase section */

/* Begin PBXSourcesBuildPhase section */
		406CFC7F270C43A700D1BD07 /* Sources */ = {
			isa = PBXSourcesBuildPhase;
			buildActionMask = 2147483647;
			files = (
				40AABB84270DB89F0090469D /* DetailText.swift in Sources */,
				40B10335270C9CD500A95D50 /* CellText.swift in Sources */,
				40B1037C270CD6B800A95D50 /* Cocktails.xcdatamodeld in Sources */,
				40B10377270CD57500A95D50 /* Persistence.swift in Sources */,
				404C17EF270EEEFD0077DB5A /* ActivityViewController.swift in Sources */,
				40AABB82270DA5B60090469D /* DetailCocktailView.swift in Sources */,
				40283222270DFECD003F9AF8 /* FavoritesViewModel.swift in Sources */,
				40B1032F270C963E00A95D50 /* Cocktail.swift in Sources */,
				406CFCC0270C531600D1BD07 /* ListPickerView.swift in Sources */,
				40B10379270CD65D00A95D50 /* CoreDataHelper.swift in Sources */,
				40B1032D270C958A00A95D50 /* CocktailCell.swift in Sources */,
				40283212270DE4F4003F9AF8 /* ShowImageView.swift in Sources */,
				403EAFB7270F561F00D697F0 /* Transitions.swift in Sources */,
				4028320F270DE044003F9AF8 /* ExtensionUIDevice.swift in Sources */,
				406CFC89270C43A700D1BD07 /* ContentView.swift in Sources */,
				406CFCBD270C502700D1BD07 /* Colors.swift in Sources */,
				406CFCC2270C54CD00D1BD07 /* RoundedButton.swift in Sources */,
				406CFCBA270C4A2900D1BD07 /* APIService.swift in Sources */,
				40B1037E270CD73100A95D50 /* FavoriteCocktail.swift in Sources */,
				40120ABD270E124800539BA2 /* Opacity.swift in Sources */,
				406CFC87270C43A700D1BD07 /* Spotr_After_WorkApp.swift in Sources */,
				40B1033A270CBF9E00A95D50 /* CocktailsList.swift in Sources */,
				40283226270E050D003F9AF8 /* Corner.swift in Sources */,
				406CFCB8270C454F00D1BD07 /* Icon.swift in Sources */,
				40283224270E0473003F9AF8 /* Font.swift in Sources */,
				40B10338270CBC4E00A95D50 /* CocktailsViewModel.swift in Sources */,
				40B10333270C99CA00A95D50 /* CellImage.swift in Sources */,
				403EAFB5270F555B00D697F0 /* Animations.swift in Sources */,
				406CFCC4270C603700D1BD07 /* TagText.swift in Sources */,
				406CFCB5270C440400D1BD07 /* CocktailsJSON.swift in Sources */,
			);
			runOnlyForDeploymentPostprocessing = 0;
		};
		406CFC8F270C43A900D1BD07 /* Sources */ = {
			isa = PBXSourcesBuildPhase;
			buildActionMask = 2147483647;
			files = (
				4028321D270DF10E003F9AF8 /* CoreDataHelperTests.swift in Sources */,
				40283215270DEE02003F9AF8 /* APIServiceTests.swift in Sources */,
				4028321F270DF139003F9AF8 /* CoreDataStackTest.swift in Sources */,
			);
			runOnlyForDeploymentPostprocessing = 0;
		};
/* End PBXSourcesBuildPhase section */

/* Begin PBXTargetDependency section */
		406CFC95270C43A900D1BD07 /* PBXTargetDependency */ = {
			isa = PBXTargetDependency;
			target = 406CFC82270C43A700D1BD07 /* Spotr After-Work */;
			targetProxy = 406CFC94270C43A900D1BD07 /* PBXContainerItemProxy */;
		};
/* End PBXTargetDependency section */

/* Begin XCBuildConfiguration section */
		406CFCA5270C43A900D1BD07 /* Debug */ = {
			isa = XCBuildConfiguration;
			buildSettings = {
				ALWAYS_SEARCH_USER_PATHS = NO;
				CLANG_ANALYZER_NONNULL = YES;
				CLANG_ANALYZER_NUMBER_OBJECT_CONVERSION = YES_AGGRESSIVE;
				CLANG_CXX_LANGUAGE_STANDARD = "gnu++17";
				CLANG_CXX_LIBRARY = "libc++";
				CLANG_ENABLE_MODULES = YES;
				CLANG_ENABLE_OBJC_ARC = YES;
				CLANG_ENABLE_OBJC_WEAK = YES;
				CLANG_WARN_BLOCK_CAPTURE_AUTORELEASING = YES;
				CLANG_WARN_BOOL_CONVERSION = YES;
				CLANG_WARN_COMMA = YES;
				CLANG_WARN_CONSTANT_CONVERSION = YES;
				CLANG_WARN_DEPRECATED_OBJC_IMPLEMENTATIONS = YES;
				CLANG_WARN_DIRECT_OBJC_ISA_USAGE = YES_ERROR;
				CLANG_WARN_DOCUMENTATION_COMMENTS = YES;
				CLANG_WARN_EMPTY_BODY = YES;
				CLANG_WARN_ENUM_CONVERSION = YES;
				CLANG_WARN_INFINITE_RECURSION = YES;
				CLANG_WARN_INT_CONVERSION = YES;
				CLANG_WARN_NON_LITERAL_NULL_CONVERSION = YES;
				CLANG_WARN_OBJC_IMPLICIT_RETAIN_SELF = YES;
				CLANG_WARN_OBJC_LITERAL_CONVERSION = YES;
				CLANG_WARN_OBJC_ROOT_CLASS = YES_ERROR;
				CLANG_WARN_QUOTED_INCLUDE_IN_FRAMEWORK_HEADER = YES;
				CLANG_WARN_RANGE_LOOP_ANALYSIS = YES;
				CLANG_WARN_STRICT_PROTOTYPES = YES;
				CLANG_WARN_SUSPICIOUS_MOVE = YES;
				CLANG_WARN_UNGUARDED_AVAILABILITY = YES_AGGRESSIVE;
				CLANG_WARN_UNREACHABLE_CODE = YES;
				CLANG_WARN__DUPLICATE_METHOD_MATCH = YES;
				COPY_PHASE_STRIP = NO;
				DEBUG_INFORMATION_FORMAT = dwarf;
				ENABLE_STRICT_OBJC_MSGSEND = YES;
				ENABLE_TESTABILITY = YES;
				GCC_C_LANGUAGE_STANDARD = gnu11;
				GCC_DYNAMIC_NO_PIC = NO;
				GCC_NO_COMMON_BLOCKS = YES;
				GCC_OPTIMIZATION_LEVEL = 0;
				GCC_PREPROCESSOR_DEFINITIONS = (
					"DEBUG=1",
					"$(inherited)",
				);
				GCC_WARN_64_TO_32_BIT_CONVERSION = YES;
				GCC_WARN_ABOUT_RETURN_TYPE = YES_ERROR;
				GCC_WARN_UNDECLARED_SELECTOR = YES;
				GCC_WARN_UNINITIALIZED_AUTOS = YES_AGGRESSIVE;
				GCC_WARN_UNUSED_FUNCTION = YES;
				GCC_WARN_UNUSED_VARIABLE = YES;
				IPHONEOS_DEPLOYMENT_TARGET = 15.0;
				MTL_ENABLE_DEBUG_INFO = INCLUDE_SOURCE;
				MTL_FAST_MATH = YES;
				ONLY_ACTIVE_ARCH = YES;
				SDKROOT = iphoneos;
				SWIFT_ACTIVE_COMPILATION_CONDITIONS = DEBUG;
				SWIFT_OPTIMIZATION_LEVEL = "-Onone";
			};
			name = Debug;
		};
		406CFCA6270C43A900D1BD07 /* Release */ = {
			isa = XCBuildConfiguration;
			buildSettings = {
				ALWAYS_SEARCH_USER_PATHS = NO;
				CLANG_ANALYZER_NONNULL = YES;
				CLANG_ANALYZER_NUMBER_OBJECT_CONVERSION = YES_AGGRESSIVE;
				CLANG_CXX_LANGUAGE_STANDARD = "gnu++17";
				CLANG_CXX_LIBRARY = "libc++";
				CLANG_ENABLE_MODULES = YES;
				CLANG_ENABLE_OBJC_ARC = YES;
				CLANG_ENABLE_OBJC_WEAK = YES;
				CLANG_WARN_BLOCK_CAPTURE_AUTORELEASING = YES;
				CLANG_WARN_BOOL_CONVERSION = YES;
				CLANG_WARN_COMMA = YES;
				CLANG_WARN_CONSTANT_CONVERSION = YES;
				CLANG_WARN_DEPRECATED_OBJC_IMPLEMENTATIONS = YES;
				CLANG_WARN_DIRECT_OBJC_ISA_USAGE = YES_ERROR;
				CLANG_WARN_DOCUMENTATION_COMMENTS = YES;
				CLANG_WARN_EMPTY_BODY = YES;
				CLANG_WARN_ENUM_CONVERSION = YES;
				CLANG_WARN_INFINITE_RECURSION = YES;
				CLANG_WARN_INT_CONVERSION = YES;
				CLANG_WARN_NON_LITERAL_NULL_CONVERSION = YES;
				CLANG_WARN_OBJC_IMPLICIT_RETAIN_SELF = YES;
				CLANG_WARN_OBJC_LITERAL_CONVERSION = YES;
				CLANG_WARN_OBJC_ROOT_CLASS = YES_ERROR;
				CLANG_WARN_QUOTED_INCLUDE_IN_FRAMEWORK_HEADER = YES;
				CLANG_WARN_RANGE_LOOP_ANALYSIS = YES;
				CLANG_WARN_STRICT_PROTOTYPES = YES;
				CLANG_WARN_SUSPICIOUS_MOVE = YES;
				CLANG_WARN_UNGUARDED_AVAILABILITY = YES_AGGRESSIVE;
				CLANG_WARN_UNREACHABLE_CODE = YES;
				CLANG_WARN__DUPLICATE_METHOD_MATCH = YES;
				COPY_PHASE_STRIP = NO;
				DEBUG_INFORMATION_FORMAT = "dwarf-with-dsym";
				ENABLE_NS_ASSERTIONS = NO;
				ENABLE_STRICT_OBJC_MSGSEND = YES;
				GCC_C_LANGUAGE_STANDARD = gnu11;
				GCC_NO_COMMON_BLOCKS = YES;
				GCC_WARN_64_TO_32_BIT_CONVERSION = YES;
				GCC_WARN_ABOUT_RETURN_TYPE = YES_ERROR;
				GCC_WARN_UNDECLARED_SELECTOR = YES;
				GCC_WARN_UNINITIALIZED_AUTOS = YES_AGGRESSIVE;
				GCC_WARN_UNUSED_FUNCTION = YES;
				GCC_WARN_UNUSED_VARIABLE = YES;
				IPHONEOS_DEPLOYMENT_TARGET = 15.0;
				MTL_ENABLE_DEBUG_INFO = NO;
				MTL_FAST_MATH = YES;
				SDKROOT = iphoneos;
				SWIFT_COMPILATION_MODE = wholemodule;
				SWIFT_OPTIMIZATION_LEVEL = "-O";
				VALIDATE_PRODUCT = YES;
			};
			name = Release;
		};
		406CFCA8270C43A900D1BD07 /* Debug */ = {
			isa = XCBuildConfiguration;
			buildSettings = {
				ASSETCATALOG_COMPILER_APPICON_NAME = AppIcon;
				ASSETCATALOG_COMPILER_GLOBAL_ACCENT_COLOR_NAME = AccentColor;
				CODE_SIGN_STYLE = Automatic;
				CURRENT_PROJECT_VERSION = 1;
				DEVELOPMENT_ASSET_PATHS = "\"Spotr After-Work/Preview Content\"";
				DEVELOPMENT_TEAM = 99934KCD3X;
				ENABLE_PREVIEWS = YES;
				GENERATE_INFOPLIST_FILE = YES;
				INFOPLIST_FILE = "Spotr After-Work/Supporting Files/Spotr-After-Work-Info.plist";
				INFOPLIST_KEY_UIApplicationSceneManifest_Generation = YES;
				INFOPLIST_KEY_UIApplicationSupportsIndirectInputEvents = YES;
				INFOPLIST_KEY_UILaunchScreen_Generation = YES;
				INFOPLIST_KEY_UISupportedInterfaceOrientations = UIInterfaceOrientationPortrait;
				INFOPLIST_KEY_UISupportedInterfaceOrientations_iPad = "UIInterfaceOrientationPortrait UIInterfaceOrientationPortraitUpsideDown UIInterfaceOrientationLandscapeLeft UIInterfaceOrientationLandscapeRight";
				INFOPLIST_KEY_UISupportedInterfaceOrientations_iPhone = UIInterfaceOrientationPortrait;
				INFOPLIST_KEY_UIUserInterfaceStyle = Light;
				IPHONEOS_DEPLOYMENT_TARGET = 14.0;
				LD_RUNPATH_SEARCH_PATHS = (
					"$(inherited)",
					"@executable_path/Frameworks",
				);
				MARKETING_VERSION = 1.0;
				PRODUCT_BUNDLE_IDENTIFIER = "com.prismatic-apps.Spotr-After-Work";
				PRODUCT_NAME = "$(TARGET_NAME)";
				SWIFT_EMIT_LOC_STRINGS = YES;
				SWIFT_VERSION = 5.0;
				TARGETED_DEVICE_FAMILY = 1;
			};
			name = Debug;
		};
		406CFCA9270C43A900D1BD07 /* Release */ = {
			isa = XCBuildConfiguration;
			buildSettings = {
				ASSETCATALOG_COMPILER_APPICON_NAME = AppIcon;
				ASSETCATALOG_COMPILER_GLOBAL_ACCENT_COLOR_NAME = AccentColor;
				CODE_SIGN_STYLE = Automatic;
				CURRENT_PROJECT_VERSION = 1;
				DEVELOPMENT_ASSET_PATHS = "\"Spotr After-Work/Preview Content\"";
				DEVELOPMENT_TEAM = 99934KCD3X;
				ENABLE_PREVIEWS = YES;
				GENERATE_INFOPLIST_FILE = YES;
				INFOPLIST_FILE = "Spotr After-Work/Supporting Files/Spotr-After-Work-Info.plist";
				INFOPLIST_KEY_UIApplicationSceneManifest_Generation = YES;
				INFOPLIST_KEY_UIApplicationSupportsIndirectInputEvents = YES;
				INFOPLIST_KEY_UILaunchScreen_Generation = YES;
				INFOPLIST_KEY_UISupportedInterfaceOrientations = UIInterfaceOrientationPortrait;
				INFOPLIST_KEY_UISupportedInterfaceOrientations_iPad = "UIInterfaceOrientationPortrait UIInterfaceOrientationPortraitUpsideDown UIInterfaceOrientationLandscapeLeft UIInterfaceOrientationLandscapeRight";
				INFOPLIST_KEY_UISupportedInterfaceOrientations_iPhone = UIInterfaceOrientationPortrait;
				INFOPLIST_KEY_UIUserInterfaceStyle = Light;
				IPHONEOS_DEPLOYMENT_TARGET = 14.0;
				LD_RUNPATH_SEARCH_PATHS = (
					"$(inherited)",
					"@executable_path/Frameworks",
				);
				MARKETING_VERSION = 1.0;
				PRODUCT_BUNDLE_IDENTIFIER = "com.prismatic-apps.Spotr-After-Work";
				PRODUCT_NAME = "$(TARGET_NAME)";
				SWIFT_EMIT_LOC_STRINGS = YES;
				SWIFT_VERSION = 5.0;
				TARGETED_DEVICE_FAMILY = 1;
			};
			name = Release;
		};
		406CFCAB270C43A900D1BD07 /* Debug */ = {
			isa = XCBuildConfiguration;
			buildSettings = {
				ALWAYS_EMBED_SWIFT_STANDARD_LIBRARIES = YES;
				BUNDLE_LOADER = "$(TEST_HOST)";
				CODE_SIGN_STYLE = Automatic;
				CURRENT_PROJECT_VERSION = 1;
				DEVELOPMENT_TEAM = 99934KCD3X;
				GENERATE_INFOPLIST_FILE = YES;
				IPHONEOS_DEPLOYMENT_TARGET = 14.0;
				LD_RUNPATH_SEARCH_PATHS = (
					"$(inherited)",
					"@executable_path/Frameworks",
					"@loader_path/Frameworks",
				);
				MARKETING_VERSION = 1.0;
				PRODUCT_BUNDLE_IDENTIFIER = "com.prismatic-apps.Spotr-After-WorkTests";
				PRODUCT_NAME = "$(TARGET_NAME)";
				SWIFT_EMIT_LOC_STRINGS = NO;
				SWIFT_VERSION = 5.0;
				TARGETED_DEVICE_FAMILY = "1,2";
				TEST_HOST = "$(BUILT_PRODUCTS_DIR)/Spotr After-Work.app/Spotr After-Work";
			};
			name = Debug;
		};
		406CFCAC270C43A900D1BD07 /* Release */ = {
			isa = XCBuildConfiguration;
			buildSettings = {
				ALWAYS_EMBED_SWIFT_STANDARD_LIBRARIES = YES;
				BUNDLE_LOADER = "$(TEST_HOST)";
				CODE_SIGN_STYLE = Automatic;
				CURRENT_PROJECT_VERSION = 1;
				DEVELOPMENT_TEAM = 99934KCD3X;
				GENERATE_INFOPLIST_FILE = YES;
				IPHONEOS_DEPLOYMENT_TARGET = 14.0;
				LD_RUNPATH_SEARCH_PATHS = (
					"$(inherited)",
					"@executable_path/Frameworks",
					"@loader_path/Frameworks",
				);
				MARKETING_VERSION = 1.0;
				PRODUCT_BUNDLE_IDENTIFIER = "com.prismatic-apps.Spotr-After-WorkTests";
				PRODUCT_NAME = "$(TARGET_NAME)";
				SWIFT_EMIT_LOC_STRINGS = NO;
				SWIFT_VERSION = 5.0;
				TARGETED_DEVICE_FAMILY = "1,2";
				TEST_HOST = "$(BUILT_PRODUCTS_DIR)/Spotr After-Work.app/Spotr After-Work";
			};
			name = Release;
		};
/* End XCBuildConfiguration section */

/* Begin XCConfigurationList section */
		406CFC7E270C43A700D1BD07 /* Build configuration list for PBXProject "Spotr After-Work" */ = {
			isa = XCConfigurationList;
			buildConfigurations = (
				406CFCA5270C43A900D1BD07 /* Debug */,
				406CFCA6270C43A900D1BD07 /* Release */,
			);
			defaultConfigurationIsVisible = 0;
			defaultConfigurationName = Release;
		};
		406CFCA7270C43A900D1BD07 /* Build configuration list for PBXNativeTarget "Spotr After-Work" */ = {
			isa = XCConfigurationList;
			buildConfigurations = (
				406CFCA8270C43A900D1BD07 /* Debug */,
				406CFCA9270C43A900D1BD07 /* Release */,
			);
			defaultConfigurationIsVisible = 0;
			defaultConfigurationName = Release;
		};
		406CFCAA270C43A900D1BD07 /* Build configuration list for PBXNativeTarget "Spotr After-WorkTests" */ = {
			isa = XCConfigurationList;
			buildConfigurations = (
				406CFCAB270C43A900D1BD07 /* Debug */,
				406CFCAC270C43A900D1BD07 /* Release */,
			);
			defaultConfigurationIsVisible = 0;
			defaultConfigurationName = Release;
		};
/* End XCConfigurationList section */

/* Begin XCVersionGroup section */
		40B1037A270CD6B800A95D50 /* Cocktails.xcdatamodeld */ = {
			isa = XCVersionGroup;
			children = (
				40B1037B270CD6B800A95D50 /* Cocktails.xcdatamodel */,
			);
			currentVersion = 40B1037B270CD6B800A95D50 /* Cocktails.xcdatamodel */;
			path = Cocktails.xcdatamodeld;
			sourceTree = "<group>";
			versionGroupType = wrapper.xcdatamodel;
		};
/* End XCVersionGroup section */
	};
	rootObject = 406CFC7B270C43A700D1BD07 /* Project object */;
}
